
Microsoft Visual Studio Solution File, Format Version 12.00
# Visual Studio 15
VisualStudioVersion = 15.0.28010.2050
MinimumVisualStudioVersion = 10.0.40219.1
Project("{FAE04EC0-301F-11D3-BF4B-00C04F79EFBC}") = "TicTacToe.Android", "TicTacToe\TicTacToe.Android\TicTacToe.Android.csproj", "{CC319648-DFF5-4D89-AC25-A7EB3BBAA1C1}"
EndProject
Project("{FAE04EC0-301F-11D3-BF4B-00C04F79EFBC}") = "TicTacToe", "TicTacToe\TicTacToe\TicTacToe.csproj", "{08F6485C-148D-4031-85B8-C860E6B8EBCD}"
EndProject
Global
	GlobalSection(SolutionConfigurationPlatforms) = preSolution
		Debug|Any CPU = Debug|Any CPU
		Release|Any CPU = Release|Any CPU
	EndGlobalSection
	GlobalSection(ProjectConfigurationPlatforms) = postSolution
		{CC319648-DFF5-4D89-AC25-A7EB3BBAA1C1}.Debug|Any CPU.ActiveCfg = Debug|Any CPU
		{CC319648-DFF5-4D89-AC25-A7EB3BBAA1C1}.Debug|Any CPU.Build.0 = Debug|Any CPU
		{CC319648-DFF5-4D89-AC25-A7EB3BBAA1C1}.Debug|Any CPU.Deploy.0 = Debug|Any CPU
		{CC319648-DFF5-4D89-AC25-A7EB3BBAA1C1}.Release|Any CPU.ActiveCfg = Release|Any CPU
		{CC319648-DFF5-4D89-AC25-A7EB3BBAA1C1}.Release|Any CPU.Build.0 = Release|Any CPU
		{CC319648-DFF5-4D89-AC25-A7EB3BBAA1C1}.Release|Any CPU.Deploy.0 = Release|Any CPU
		{08F6485C-148D-4031-85B8-C860E6B8EBCD}.Debug|Any CPU.ActiveCfg = Debug|Any CPU
		{08F6485C-148D-4031-85B8-C860E6B8EBCD}.Debug|Any CPU.Build.0 = Debug|Any CPU
		{08F6485C-148D-4031-85B8-C860E6B8EBCD}.Debug|Any CPU.Deploy.0 = Debug|Any CPU
		{08F6485C-148D-4031-85B8-C860E6B8EBCD}.Release|Any CPU.ActiveCfg = Release|Any CPU
		{08F6485C-148D-4031-85B8-C860E6B8EBCD}.Release|Any CPU.Build.0 = Release|Any CPU
		{08F6485C-148D-4031-85B8-C860E6B8EBCD}.Release|Any CPU.Deploy.0 = Release|Any CPU
	EndGlobalSection
	GlobalSection(SolutionProperties) = preSolution
		HideSolutionNode = FALSE
	EndGlobalSection
	GlobalSection(ExtensibilityGlobals) = postSolution
		SolutionGuid = {24682943-C7FF-418A-856B-DA0DE543FE19}
	EndGlobalSection
EndGlobal
